github.com/PRETgroup/goFB v0.0.0-20200505213332-aceb47649107 h1:deIoJ2dnc1VxFrlflR1kBE4vvjL+pP5gaIC//s0Izqw=
github.com/PRETgroup/goFB v0.0.0-20200505213332-aceb47649107/go.mod h1:nYCqluAf+RWA/fVuHEPeJLstPELiGbuwTVZFi7FYOig=
github.com/PRETgroup/goFB v0.0.0-20210402163244-aee3c85299d7 h1:IvdJ3eh7BYVJNfYz2Ml5OzTITInMQka5tJCScWPsGJ8=
github.com/PRETgroup/goFB v0.0.0-20210402163244-aee3c85299d7/go.mod h1:nZnQloGRTr/6G18z4Fse156oAtGH14x5TC4qKfhCI8A=
